
Microsoft Visual Studio Solution File, Format Version 12.00
# Visual Studio Version 17
VisualStudioVersion = 17.1.32328.378
MinimumVisualStudioVersion = 10.0.40219.1
Project("{FAE04EC0-301F-11D3-BF4B-00C04F79EFBC}") = "MagicVilla_VillaApi", "MagicVilla_VillaApi\MagicVilla_VillaApi.csproj", "{DA395EBA-0A59-46E3-B4F5-23FA08E71856}"
EndProject
Global
	GlobalSection(SolutionConfigurationPlatforms) = preSolution
		Debug|Any CPU = Debug|Any CPU
		Release|Any CPU = Release|Any CPU
	EndGlobalSection
	GlobalSection(ProjectConfigurationPlatforms) = postSolution
		{DA395EBA-0A59-46E3-B4F5-23FA08E71856}.Debug|Any CPU.ActiveCfg = Debug|Any CPU
		{DA395EBA-0A59-46E3-B4F5-23FA08E71856}.Debug|Any CPU.Build.0 = Debug|Any CPU
		{DA395EBA-0A59-46E3-B4F5-23FA08E71856}.Release|Any CPU.ActiveCfg = Release|Any CPU
		{DA395EBA-0A59-46E3-B4F5-23FA08E71856}.Release|Any CPU.Build.0 = Release|Any CPU
	EndGlobalSection
	GlobalSection(SolutionProperties) = preSolution
		HideSolutionNode = FALSE
	EndGlobalSection
	GlobalSection(ExtensibilityGlobals) = postSolution
		SolutionGuid = {E38A9D6E-6AF0-46B1-8B38-FFD793312B89}
	EndGlobalSection
EndGlobal
